Microsoft Visual Studio Solution File, Format Version 12.00
# Visual Studio 15
VisualStudioVersion = 15.0.27130.2003
MinimumVisualStudioVersion = 10.0.40219.1
Project("{FAE04EC0-301F-11D3-BF4B-00C04F79EFBC}") = "XTR_Toolbox", "XTR_Toolbox\XTR_Toolbox.csproj", "{B588FFEF-D1D0-4D2B-AE7C-ABB619E50848}"
EndProject
Global
	GlobalSection(SolutionConfigurationPlatforms) = preSolution
		Debug|Any CPU = Debug|Any CPU
		Debug|x64 = Debug|x64
		Release|Any CPU = Release|Any CPU
		Release|x64 = Release|x64
		Description = Tool to Optimize Windows
	EndGlobalSection
	GlobalSection(ProjectConfigurationPlatforms) = postSolution
		{B588FFEF-D1D0-4D2B-AE7C-ABB619E50848}.Debug|Any CPU.ActiveCfg = Debug|Any CPU
		{B588FFEF-D1D0-4D2B-AE7C-ABB619E50848}.Debug|Any CPU.Build.0 = Debug|Any CPU
		{B588FFEF-D1D0-4D2B-AE7C-ABB619E50848}.Debug|x64.ActiveCfg = Debug|x64
		{B588FFEF-D1D0-4D2B-AE7C-ABB619E50848}.Debug|x64.Build.0 = Debug|x64
		{B588FFEF-D1D0-4D2B-AE7C-ABB619E50848}.Release|Any CPU.ActiveCfg = Release|Any CPU
		{B588FFEF-D1D0-4D2B-AE7C-ABB619E50848}.Release|Any CPU.Build.0 = Release|Any CPU
		{B588FFEF-D1D0-4D2B-AE7C-ABB619E50848}.Release|x64.ActiveCfg = Release|x64
		{B588FFEF-D1D0-4D2B-AE7C-ABB619E50848}.Release|x64.Build.0 = Release|x64
	EndGlobalSection
	GlobalSection(SolutionProperties) = preSolution
		HideSolutionNode = FALSE
	EndGlobalSection
	GlobalSection(ExtensibilityGlobals) = postSolution
		SolutionGuid = {1D7B318C-AAA6-4BC6-9214-6B444DAB33AA}
	EndGlobalSection
EndGlobal
